// !$*UTF8*$!
{
	archiveVersion = 1;
	classes = {
	};
	objectVersion = 46;
	objects = {

/* Begin PBXBuildFile section */
		27E8CAEB1C1D115D00D258EF /* AppDelegate.swift in Sources */ = {isa = PBXBuildFile; fileRef = 27E8CAEA1C1D115D00D258EF /* AppDelegate.swift */; };
		27E8CAED1C1D115D00D258EF /* ViewController.swift in Sources */ = {isa = PBXBuildFile; fileRef = 27E8CAEC1C1D115D00D258EF /* ViewController.swift */; };
		27E8CAF01C1D115D00D258EF /* Main.storyboard in Resources */ = {isa = PBXBuildFile; fileRef = 27E8CAEE1C1D115D00D258EF /* Main.storyboard */; };
		27E8CAF21C1D115D00D258EF /* Assets.xcassets in Resources */ = {isa = PBXBuildFile; fileRef = 27E8CAF11C1D115D00D258EF /* Assets.xcassets */; };
		27E8CAF51C1D115E00D258EF /* LaunchScreen.storyboard in Resources */ = {isa = PBXBuildFile; fileRef = 27E8CAF31C1D115E00D258EF /* LaunchScreen.storyboard */; };
		27E8CB001C1D115E00D258EF /* QuizTests.swift in Sources */ = {isa = PBXBuildFile; fileRef = 27E8CAFF1C1D115E00D258EF /* QuizTests.swift */; };
		27E8CB0B1C1D115E00D258EF /* QuizUITests.swift in Sources */ = {isa = PBXBuildFile; fileRef = 27E8CB0A1C1D115E00D258EF /* QuizUITests.swift */; };
		27E8CB191C1D11E900D258EF /* QuizViewController.swift in Sources */ = {isa = PBXBuildFile; fileRef = 27E8CB181C1D11E900D258EF /* QuizViewController.swift */; };
		27E8CB1B1C1D121E00D258EF /* ResultViewController.swift in Sources */ = {isa = PBXBuildFile; fileRef = 27E8CB1A1C1D121E00D258EF /* ResultViewController.swift */; };
		27E8CB571C1D44E900D258EF /* minecraft綺麗のコピー.png in Resources */ = {isa = PBXBuildFile; fileRef = 27E8CB561C1D44E900D258EF /* minecraft綺麗のコピー.png */; };
/* End PBXBuildFile section */

/* Begin PBXContainerItemProxy section */
		27E8CAFC1C1D115E00D258EF /* PBXContainerItemProxy */ = {
			isa = PBXContainerItemProxy;
			containerPortal = 27E8CADF1C1D115D00D258EF /* Project object */;
			proxyType = 1;
			remoteGlobalIDString = 27E8CAE61C1D115D00D258EF;
			remoteInfo = Quiz;
		};
		27E8CB071C1D115E00D258EF /* PBXContainerItemProxy */ = {
			isa = PBXContainerItemProxy;
			containerPortal = 27E8CADF1C1D115D00D258EF /* Project object */;
			proxyType = 1;
			remoteGlobalIDString = 27E8CAE61C1D115D00D258EF;
			remoteInfo = Quiz;
		};
/* End PBXContainerItemProxy section */

/* Begin PBXFileReference section */
		27E8CAE71C1D115D00D258EF /* Quiz.app */ = {isa = PBXFileReference; explicitFileType = wrapper.application; includeInIndex = 0; path = Quiz.app; sourceTree = BUILT_PRODUCTS_DIR; };
		27E8CAEA1C1D115D00D258EF /* AppDelegate.swift */ = {isa = PBXFileReference; lastKnownFileType = sourcecode.swift; path = AppDelegate.swift; sourceTree = "<group>"; };
		27E8CAEC1C1D115D00D258EF /* ViewController.swift */ = {isa = PBXFileReference; lastKnownFileType = sourcecode.swift; path = ViewController.swift; sourceTree = "<group>"; };
		27E8CAEF1C1D115D00D258EF /* Base */ = {isa = PBXFileReference; lastKnownFileType = file.storyboard; name = Base; path = Base.lproj/Main.storyboard; sourceTree = "<group>"; };
		27E8CAF11C1D115D00D258EF /* Assets.xcassets */ = {isa = PBXFileReference; lastKnownFileType = folder.assetcatalog; path = Assets.xcassets; sourceTree = "<group>"; };
		27E8CAF41C1D115E00D258EF /* Base */ = {isa = PBXFileReference; lastKnownFileType = file.storyboard; name = Base; path = Base.lproj/LaunchScreen.storyboard; sourceTree = "<group>"; };
		27E8CAF61C1D115E00D258EF /* Info.plist */ = {isa = PBXFileReference; lastKnownFileType = text.plist.xml; path = Info.plist; sourceTree = "<group>"; };
		27E8CAFB1C1D115E00D258EF /* QuizTests.xctest */ = {isa = PBXFileReference; explicitFileType = wrapper.cfbundle; includeInIndex = 0; path = QuizTests.xctest; sourceTree = BUILT_PRODUCTS_DIR; };
		27E8CAFF1C1D115E00D258EF /* QuizTests.swift */ = {isa = PBXFileReference; lastKnownFileType = sourcecode.swift; path = QuizTests.swift; sourceTree = "<group>"; };
		27E8CB011C1D115E00D258EF /* Info.plist */ = {isa = PBXFileReference; lastKnownFileType = text.plist.xml; path = Info.plist; sourceTree = "<group>"; };
		27E8CB061C1D115E00D258EF /* QuizUITests.xctest */ = {isa = PBXFileReference; explicitFileType = wrapper.cfbundle; includeInIndex = 0; path = QuizUITests.xctest; sourceTree = BUILT_PRODUCTS_DIR; };
		27E8CB0A1C1D115E00D258EF /* QuizUITests.swift */ = {isa = PBXFileReference; lastKnownFileType = sourcecode.swift; path = QuizUITests.swift; sourceTree = "<group>"; };
		27E8CB0C1C1D115E00D258EF /* Info.plist */ = {isa = PBXFileReference; lastKnownFileType = text.plist.xml; path = Info.plist; sourceTree = "<group>"; };
		27E8CB181C1D11E900D258EF /* QuizViewController.swift */ = {isa = PBXFileReference; fileEncoding = 4; lastKnownFileType = sourcecode.swift; path = QuizViewController.swift; sourceTree = "<group>"; };
		27E8CB1A1C1D121E00D258EF /* ResultViewController.swift */ = {isa = PBXFileReference; fileEncoding = 4; lastKnownFileType = sourcecode.swift; path = ResultViewController.swift; sourceTree = "<group>"; };
		27E8CB561C1D44E900D258EF /* minecraft綺麗のコピー.png */ = {isa = PBXFileReference; lastKnownFileType = image.png; path = "minecraft綺麗のコピー.png"; sourceTree = "<group>"; };
/* End PBXFileReference section */

/* Begin PBXFrameworksBuildPhase section */
		27E8CAE41C1D115D00D258EF /* Frameworks */ = {
			isa = PBXFrameworksBuildPhase;
			buildActionMask = 2147483647;
			files = (
			);
			runOnlyForDeploymentPostprocessing = 0;
		};
		27E8CAF81C1D115E00D258EF /* Frameworks */ = {
			isa = PBXFrameworksBuildPhase;
			buildActionMask = 2147483647;
			files = (
			);
			runOnlyForDeploymentPostprocessing = 0;
		};
		27E8CB031C1D115E00D258EF /* Frameworks */ = {
			isa = PBXFrameworksBuildPhase;
			buildActionMask = 2147483647;
			files = (
			);
			runOnlyForDeploymentPostprocessing = 0;
		};
/* End PBXFrameworksBuildPhase section */

/* Begin PBXGroup section */
		27E8CADE1C1D115D00D258EF = {
			isa = PBXGroup;
			children = (
				27E8CAE91C1D115D00D258EF /* Quiz */,
				27E8CAFE1C1D115E00D258EF /* QuizTests */,
				27E8CB091C1D115E00D258EF /* QuizUITests */,
				27E8CAE81C1D115D00D258EF /* Products */,
			);
			sourceTree = "<group>";
		};
		27E8CAE81C1D115D00D258EF /* Products */ = {
			isa = PBXGroup;
			children = (
				27E8CAE71C1D115D00D258EF /* Quiz.app */,
				27E8CAFB1C1D115E00D258EF /* QuizTests.xctest */,
				27E8CB061C1D115E00D258EF /* QuizUITests.xctest */,
			);
			name = Products;
			sourceTree = "<group>";
		};
		27E8CAE91C1D115D00D258EF /* Quiz */ = {
			isa = PBXGroup;
			children = (
				27E8CAEA1C1D115D00D258EF /* AppDelegate.swift */,
				27E8CAEC1C1D115D00D258EF /* ViewController.swift */,
				27E8CAEE1C1D115D00D258EF /* Main.storyboard */,
				27E8CB561C1D44E900D258EF /* minecraft綺麗のコピー.png */,
				27E8CAF11C1D115D00D258EF /* Assets.xcassets */,
				27E8CAF31C1D115E00D258EF /* LaunchScreen.storyboard */,
				27E8CAF61C1D115E00D258EF /* Info.plist */,
				27E8CB181C1D11E900D258EF /* QuizViewController.swift */,
				27E8CB1A1C1D121E00D258EF /* ResultViewController.swift */,
			);
			path = Quiz;
			sourceTree = "<group>";
		};
		27E8CAFE1C1D115E00D258EF /* QuizTests */ = {
			isa = PBXGroup;
			children = (
				27E8CAFF1C1D115E00D258EF /* QuizTests.swift */,
				27E8CB011C1D115E00D258EF /* Info.plist */,
			);
			path = QuizTests;
			sourceTree = "<group>";
		};
		27E8CB091C1D115E00D258EF /* QuizUITests */ = {
			isa = PBXGroup;
			children = (
				27E8CB0A1C1D115E00D258EF /* QuizUITests.swift */,
				27E8CB0C1C1D115E00D258EF /* Info.plist */,
			);
			path = QuizUITests;
			sourceTree = "<group>";
		};
/* End PBXGroup section */

/* Begin PBXNativeTarget section */
		27E8CAE61C1D115D00D258EF /* Quiz */ = {
			isa = PBXNativeTarget;
			buildConfigurationList = 27E8CB0F1C1D115E00D258EF /* Build configuration list for PBXNativeTarget "Quiz" */;
			buildPhases = (
				27E8CAE31C1D115D00D258EF /* Sources */,
				27E8CAE41C1D115D00D258EF /* Frameworks */,
				27E8CAE51C1D115D00D258EF /* Resources */,
			);
			buildRules = (
			);
			dependencies = (
			);
			name = Quiz;
			productName = Quiz;
			productReference = 27E8CAE71C1D115D00D258EF /* Quiz.app */;
			productType = "com.apple.product-type.application";
		};
		27E8CAFA1C1D115E00D258EF /* QuizTests */ = {
			isa = PBXNativeTarget;
			buildConfigurationList = 27E8CB121C1D115E00D258EF /* Build configuration list for PBXNativeTarget "QuizTests" */;
			buildPhases = (
				27E8CAF71C1D115E00D258EF /* Sources */,
				27E8CAF81C1D115E00D258EF /* Frameworks */,
				27E8CAF91C1D115E00D258EF /* Resources */,
			);
			buildRules = (
			);
			dependencies = (
				27E8CAFD1C1D115E00D258EF /* PBXTargetDependency */,
			);
			name = QuizTests;
			productName = QuizTests;
			productReference = 27E8CAFB1C1D115E00D258EF /* QuizTests.xctest */;
			productType = "com.apple.product-type.bundle.unit-test";
		};
		27E8CB051C1D115E00D258EF /* QuizUITests */ = {
			isa = PBXNativeTarget;
			buildConfigurationList = 27E8CB151C1D115E00D258EF /* Build configuration list for PBXNativeTarget "QuizUITests" */;
			buildPhases = (
				27E8CB021C1D115E00D258EF /* Sources */,
				27E8CB031C1D115E00D258EF /* Frameworks */,
				27E8CB041C1D115E00D258EF /* Resources */,
			);
			buildRules = (
			);
			dependencies = (
				27E8CB081C1D115E00D258EF /* PBXTargetDependency */,
			);
			name = QuizUITests;
			productName = QuizUITests;
			productReference = 27E8CB061C1D115E00D258EF /* QuizUITests.xctest */;
			productType = "com.apple.product-type.bundle.ui-testing";
		};
/* End PBXNativeTarget section */

/* Begin PBXProject section */
		27E8CADF1C1D115D00D258EF /* Project object */ = {
			isa = PBXProject;
			attributes = {
				LastSwiftUpdateCheck = 0720;
				LastUpgradeCheck = 0720;
				ORGANIZATIONNAME = "三城聖";
				TargetAttributes = {
					27E8CAE61C1D115D00D258EF = {
						CreatedOnToolsVersion = 7.2;
					};
					27E8CAFA1C1D115E00D258EF = {
						CreatedOnToolsVersion = 7.2;
						TestTargetID = 27E8CAE61C1D115D00D258EF;
					};
					27E8CB051C1D115E00D258EF = {
						CreatedOnToolsVersion = 7.2;
						TestTargetID = 27E8CAE61C1D115D00D258EF;
					};
				};
			};
			buildConfigurationList = 27E8CAE21C1D115D00D258EF /* Build configuration list for PBXProject "Quiz" */;
			compatibilityVersion = "Xcode 3.2";
			developmentRegion = English;
			hasScannedForEncodings = 0;
			knownRegions = (
				en,
				Base,
			);
			mainGroup = 27E8CADE1C1D115D00D258EF;
			productRefGroup = 27E8CAE81C1D115D00D258EF /* Products */;
			projectDirPath = "";
			projectRoot = "";
			targets = (
				27E8CAE61C1D115D00D258EF /* Quiz */,
				27E8CAFA1C1D115E00D258EF /* QuizTests */,
				27E8CB051C1D115E00D258EF /* QuizUITests */,
			);
		};
/* End PBXProject section */

/* Begin PBXResourcesBuildPhase section */
		27E8CAE51C1D115D00D258EF /* Resources */ = {
			isa = PBXResourcesBuildPhase;
			buildActionMask = 2147483647;
			files = (
				27E8CAF51C1D115E00D258EF /* LaunchScreen.storyboard in Resources */,
				27E8CAF21C1D115D00D258EF /* Assets.xcassets in Resources */,
				27E8CB571C1D44E900D258EF /* minecraft綺麗のコピー.png in Resources */,
				27E8CAF01C1D115D00D258EF /* Main.storyboard in Resources */,
			);
			runOnlyForDeploymentPostprocessing = 0;
		};
		27E8CAF91C1D115E00D258EF /* Resources */ = {
			isa = PBXResourcesBuildPhase;
			buildActionMask = 2147483647;
			files = (
			);
			runOnlyForDeploymentPostprocessing = 0;
		};
		27E8CB041C1D115E00D258EF /* Resources */ = {
			isa = PBXResourcesBuildPhase;
			buildActionMask = 2147483647;
			files = (
			);
			runOnlyForDeploymentPostprocessing = 0;
		};
/* End PBXResourcesBuildPhase section */

/* Begin PBXSourcesBuildPhase section */
		27E8CAE31C1D115D00D258EF /* Sources */ = {
			isa = PBXSourcesBuildPhase;
			buildActionMask = 2147483647;
			files = (
				27E8CB191C1D11E900D258EF /* QuizViewController.swift in Sources */,
				27E8CAED1C1D115D00D258EF /* ViewController.swift in Sources */,
				27E8CAEB1C1D115D00D258EF /* AppDelegate.swift in Sources */,
				27E8CB1B1C1D121E00D258EF /* ResultViewController.swift in Sources */,
			);
			runOnlyForDeploymentPostprocessing = 0;
		};
		27E8CAF71C1D115E00D258EF /* Sources */ = {
			isa = PBXSourcesBuildPhase;
			buildActionMask = 2147483647;
			files = (
				27E8CB001C1D115E00D258EF /* QuizTests.swift in Sources */,
			);
			runOnlyForDeploymentPostprocessing = 0;
		};
		27E8CB021C1D115E00D258EF /* Sources */ = {
			isa = PBXSourcesBuildPhase;
			buildActionMask = 2147483647;
			files = (
				27E8CB0B1C1D115E00D258EF /* QuizUITests.swift in Sources */,
			);
			runOnlyForDeploymentPostprocessing = 0;
		};
/* End PBXSourcesBuildPhase section */

/* Begin PBXTargetDependency section */
		27E8CAFD1C1D115E00D258EF /* PBXTargetDependency */ = {
			isa = PBXTargetDependency;
			target = 27E8CAE61C1D115D00D258EF /* Quiz */;
			targetProxy = 27E8CAFC1C1D115E00D258EF /* PBXContainerItemProxy */;
		};
		27E8CB081C1D115E00D258EF /* PBXTargetDependency */ = {
			isa = PBXTargetDependency;
			target = 27E8CAE61C1D115D00D258EF /* Quiz */;
			targetProxy = 27E8CB071C1D115E00D258EF /* PBXContainerItemProxy */;
		};
/* End PBXTargetDependency section */

/* Begin PBXVariantGroup section */
		27E8CAEE1C1D115D00D258EF /* Main.storyboard */ = {
			isa = PBXVariantGroup;
			children = (
				27E8CAEF1C1D115D00D258EF /* Base */,
			);
			name = Main.storyboard;
			sourceTree = "<group>";
		};
		27E8CAF31C1D115E00D258EF /* LaunchScreen.storyboard */ = {
			isa = PBXVariantGroup;
			children = (
				27E8CAF41C1D115E00D258EF /* Base */,
			);
			name = LaunchScreen.storyboard;
			sourceTree = "<group>";
		};
/* End PBXVariantGroup section */

/* Begin XCBuildConfiguration section */
		27E8CB0D1C1D115E00D258EF /* Debug */ = {
			isa = XCBuildConfiguration;
			buildSettings = {
				ALWAYS_SEARCH_USER_PATHS = NO;
				CLANG_CXX_LANGUAGE_STANDARD = "gnu++0x";
				CLANG_CXX_LIBRARY = "libc++";
				CLANG_ENABLE_MODULES = YES;
				CLANG_ENABLE_OBJC_ARC = YES;
				CLANG_WARN_BOOL_CONVERSION = YES;
				CLANG_WARN_CONSTANT_CONVERSION = YES;
				CLANG_WARN_DIRECT_OBJC_ISA_USAGE = YES_ERROR;
				CLANG_WARN_EMPTY_BODY = YES;
				CLANG_WARN_ENUM_CONVERSION = YES;
				CLANG_WARN_INT_CONVERSION = YES;
				CLANG_WARN_OBJC_ROOT_CLASS = YES_ERROR;
				CLANG_WARN_UNREACHABLE_CODE = YES;
				CLANG_WARN__DUPLICATE_METHOD_MATCH = YES;
				"CODE_SIGN_IDENTITY[sdk=iphoneos*]" = "iPhone Developer";
				COPY_PHASE_STRIP = NO;
				DEBUG_INFORMATION_FORMAT = dwarf;
				ENABLE_STRICT_OBJC_MSGSEND = YES;
				ENABLE_TESTABILITY = YES;
				GCC_C_LANGUAGE_STANDARD = gnu99;
				GCC_DYNAMIC_NO_PIC = NO;
				GCC_NO_COMMON_BLOCKS = YES;
				GCC_OPTIMIZATION_LEVEL = 0;
				GCC_PREPROCESSOR_DEFINITIONS = (
					"DEBUG=1",
					"$(inherited)",
				);
				GCC_WARN_64_TO_32_BIT_CONVERSION = YES;
				GCC_WARN_ABOUT_RETURN_TYPE = YES_ERROR;
				GCC_WARN_UNDECLARED_SELECTOR = YES;
				GCC_WARN_UNINITIALIZED_AUTOS = YES_AGGRESSIVE;
				GCC_WARN_UNUSED_FUNCTION = YES;
				GCC_WARN_UNUSED_VARIABLE = YES;
				IPHONEOS_DEPLOYMENT_TARGET = 9.2;
				MTL_ENABLE_DEBUG_INFO = YES;
				ONLY_ACTIVE_ARCH = YES;
				SDKROOT = iphoneos;
				SWIFT_OPTIMIZATION_LEVEL = "-Onone";
				TARGETED_DEVICE_FAMILY = "1,2";
			};
			name = Debug;
		};
		27E8CB0E1C1D115E00D258EF /* Release */ = {
			isa = XCBuildConfiguration;
			buildSettings = {
				ALWAYS_SEARCH_USER_PATHS = NO;
				CLANG_CXX_LANGUAGE_STANDARD = "gnu++0x";
				CLANG_CXX_LIBRARY = "libc++";
				CLANG_ENABLE_MODULES = YES;
				CLANG_ENABLE_OBJC_ARC = YES;
				CLANG_WARN_BOOL_CONVERSION = YES;
				CLANG_WARN_CONSTANT_CONVERSION = YES;
				CLANG_WARN_DIRECT_OBJC_ISA_USAGE = YES_ERROR;
				CLANG_WARN_EMPTY_BODY = YES;
				CLANG_WARN_ENUM_CONVERSION = YES;
				CLANG_WARN_INT_CONVERSION = YES;
				CLANG_WARN_OBJC_ROOT_CLASS = YES_ERROR;
				CLANG_WARN_UNREACHABLE_CODE = YES;
				CLANG_WARN__DUPLICATE_METHOD_MATCH = YES;
				"CODE_SIGN_IDENTITY[sdk=iphoneos*]" = "iPhone Developer";
				COPY_PHASE_STRIP = NO;
				DEBUG_INFORMATION_FORMAT = "dwarf-with-dsym";
				ENABLE_NS_ASSERTIONS = NO;
				ENABLE_STRICT_OBJC_MSGSEND = YES;
				GCC_C_LANGUAGE_STANDARD = gnu99;
				GCC_NO_COMMON_BLOCKS = YES;
				GCC_WARN_64_TO_32_BIT_CONVERSION = YES;
				GCC_WARN_ABOUT_RETURN_TYPE = YES_ERROR;
				GCC_WARN_UNDECLARED_SELECTOR = YES;
				GCC_WARN_UNINITIALIZED_AUTOS = YES_AGGRESSIVE;
				GCC_WARN_UNUSED_FUNCTION = YES;
				GCC_WARN_UNUSED_VARIABLE = YES;
				IPHONEOS_DEPLOYMENT_TARGET = 9.2;
				MTL_ENABLE_DEBUG_INFO = NO;
				SDKROOT = iphoneos;
				TARGETED_DEVICE_FAMILY = "1,2";
				VALIDATE_PRODUCT = YES;
			};
			name = Release;
		};
		27E8CB101C1D115E00D258EF /* Debug */ = {
			isa = XCBuildConfiguration;
			buildSettings = {
				ASSETCATALOG_COMPILER_APPICON_NAME = AppIcon;
				INFOPLIST_FILE = Quiz/Info.plist;
				LD_RUNPATH_SEARCH_PATHS = "$(inherited) @executable_path/Frameworks";
				PRODUCT_BUNDLE_IDENTIFIER = com.hijiki.Quiz;
				PRODUCT_NAME = "$(TARGET_NAME)";
			};
			name = Debug;
		};
		27E8CB111C1D115E00D258EF /* Release */ = {
			isa = XCBuildConfiguration;
			buildSettings = {
				ASSETCATALOG_COMPILER_APPICON_NAME = AppIcon;
				INFOPLIST_FILE = Quiz/Info.plist;
				LD_RUNPATH_SEARCH_PATHS = "$(inherited) @executable_path/Frameworks";
				PRODUCT_BUNDLE_IDENTIFIER = com.hijiki.Quiz;
				PRODUCT_NAME = "$(TARGET_NAME)";
			};
			name = Release;
		};
		27E8CB131C1D115E00D258EF /* Debug */ = {
			isa = XCBuildConfiguration;
			buildSettings = {
				BUNDLE_LOADER = "$(TEST_HOST)";
				INFOPLIST_FILE = QuizTests/Info.plist;
				LD_RUNPATH_SEARCH_PATHS = "$(inherited) @executable_path/Frameworks @loader_path/Frameworks";
				PRODUCT_BUNDLE_IDENTIFIER = com.hijiki.QuizTests;
				PRODUCT_NAME = "$(TARGET_NAME)";
				TEST_HOST = "$(BUILT_PRODUCTS_DIR)/Quiz.app/Quiz";
			};
			name = Debug;
		};
		27E8CB141C1D115E00D258EF /* Release */ = {
			isa = XCBuildConfiguration;
			buildSettings = {
				BUNDLE_LOADER = "$(TEST_HOST)";
				INFOPLIST_FILE = QuizTests/Info.plist;
				LD_RUNPATH_SEARCH_PATHS = "$(inherited) @executable_path/Frameworks @loader_path/Frameworks";
				PRODUCT_BUNDLE_IDENTIFIER = com.hijiki.QuizTests;
				PRODUCT_NAME = "$(TARGET_NAME)";
				TEST_HOST = "$(BUILT_PRODUCTS_DIR)/Quiz.app/Quiz";
			};
			name = Release;
		};
		27E8CB161C1D115E00D258EF /* Debug */ = {
			isa = XCBuildConfiguration;
			buildSettings = {
				INFOPLIST_FILE = QuizUITests/Info.plist;
				LD_RUNPATH_SEARCH_PATHS = "$(inherited) @executable_path/Frameworks @loader_path/Frameworks";
				PRODUCT_BUNDLE_IDENTIFIER = com.hijiki.QuizUITests;
				PRODUCT_NAME = "$(TARGET_NAME)";
				TEST_TARGET_NAME = Quiz;
				USES_XCTRUNNER = YES;
			};
			name = Debug;
		};
		27E8CB171C1D115E00D258EF /* Release */ = {
			isa = XCBuildConfiguration;
			buildSettings = {
				INFOPLIST_FILE = QuizUITests/Info.plist;
				LD_RUNPATH_SEARCH_PATHS = "$(inherited) @executable_path/Frameworks @loader_path/Frameworks";
				PRODUCT_BUNDLE_IDENTIFIER = com.hijiki.QuizUITests;
				PRODUCT_NAME = "$(TARGET_NAME)";
				TEST_TARGET_NAME = Quiz;
				USES_XCTRUNNER = YES;
			};
			name = Release;
		};
/* End XCBuildConfiguration section */

/* Begin XCConfigurationList section */
		27E8CAE21C1D115D00D258EF /* Build configuration list for PBXProject "Quiz" */ = {
			isa = XCConfigurationList;
			buildConfigurations = (
				27E8CB0D1C1D115E00D258EF /* Debug */,
				27E8CB0E1C1D115E00D258EF /* Release */,
			);
			defaultConfigurationIsVisible = 0;
			defaultConfigurationName = Release;
		};
		27E8CB0F1C1D115E00D258EF /* Build configuration list for PBXNativeTarget "Quiz" */ = {
			isa = XCConfigurationList;
			buildConfigurations = (
				27E8CB101C1D115E00D258EF /* Debug */,
				27E8CB111C1D115E00D258EF /* Release */,
			);
			defaultConfigurationIsVisible = 0;
			defaultConfigurationName = Release;
		};
		27E8CB121C1D115E00D258EF /* Build configuration list for PBXNativeTarget "QuizTests" */ = {
			isa = XCConfigurationList;
			buildConfigurations = (
				27E8CB131C1D115E00D258EF /* Debug */,
				27E8CB141C1D115E00D258EF /* Release */,
			);
			defaultConfigurationIsVisible = 0;
			defaultConfigurationName = Release;
		};
		27E8CB151C1D115E00D258EF /* Build configuration list for PBXNativeTarget "QuizUITests" */ = {
			isa = XCConfigurationList;
			buildConfigurations = (
				27E8CB161C1D115E00D258EF /* Debug */,
				27E8CB171C1D115E00D258EF /* Release */,
			);
			defaultConfigurationIsVisible = 0;
			defaultConfigurationName = Release;
		};
/* End XCConfigurationList section */
	};
	rootObject = 27E8CADF1C1D115D00D258EF /* Project object */;
}
